
Microsoft Visual Studio Solution File, Format Version 12.00
# Visual Studio 14
VisualStudioVersion = 14.0.23107.0
MinimumVisualStudioVersion = 10.0.40219.1
Project("{FAE04EC0-301F-11D3-BF4B-00C04F79EFBC}") = "AreaManager", "AreaManager\AreaManager.csproj", "{CFBCB01A-61EB-4F30-B81F-C739620EB1E1}"
EndProject
Project("{FAE04EC0-301F-11D3-BF4B-00C04F79EFBC}") = "AreaManager.Tests", "AreaManager.Tests\AreaManager.Tests.csproj", "{62D9FA64-6DC3-4F07-9EB2-24455337F056}"
EndProject
Global
	GlobalSection(SolutionConfigurationPlatforms) = preSolution
		Debug|Any CPU = Debug|Any CPU
		Release|Any CPU = Release|Any CPU
	EndGlobalSection
	GlobalSection(ProjectConfigurationPlatforms) = postSolution
		{CFBCB01A-61EB-4F30-B81F-C739620EB1E1}.Debug|Any CPU.ActiveCfg = Debug|Any CPU
		{CFBCB01A-61EB-4F30-B81F-C739620EB1E1}.Debug|Any CPU.Build.0 = Debug|Any CPU
		{CFBCB01A-61EB-4F30-B81F-C739620EB1E1}.Release|Any CPU.ActiveCfg = Release|Any CPU
		{CFBCB01A-61EB-4F30-B81F-C739620EB1E1}.Release|Any CPU.Build.0 = Release|Any CPU
		{62D9FA64-6DC3-4F07-9EB2-24455337F056}.Debug|Any CPU.ActiveCfg = Debug|Any CPU
		{62D9FA64-6DC3-4F07-9EB2-24455337F056}.Debug|Any CPU.Build.0 = Debug|Any CPU
		{62D9FA64-6DC3-4F07-9EB2-24455337F056}.Release|Any CPU.ActiveCfg = Release|Any CPU
		{62D9FA64-6DC3-4F07-9EB2-24455337F056}.Release|Any CPU.Build.0 = Release|Any CPU
	EndGlobalSection
	GlobalSection(SolutionProperties) = preSolution
		HideSolutionNode = FALSE
	EndGlobalSection
EndGlobal
